// !$*UTF8*$!
{
	archiveVersion = 1;
	classes = {
	};
	objectVersion = 56;
	objects = {

/* Begin PBXBuildFile section */
		AD29E8C62C3B559000004CD6 /* InfoViewController.swift in Sources */ = {isa = PBXBuildFile; fileRef = AD29E8C52C3B559000004CD6 /* InfoViewController.swift */; };
		ADE7FC552C3B1EA80025B680 /* AppDelegate.swift in Sources */ = {isa = PBXBuildFile; fileRef = ADE7FC542C3B1EA80025B680 /* AppDelegate.swift */; };
		ADE7FC572C3B1EA80025B680 /* SceneDelegate.swift in Sources */ = {isa = PBXBuildFile; fileRef = ADE7FC562C3B1EA80025B680 /* SceneDelegate.swift */; };
		ADE7FC592C3B1EA80025B680 /* ViewController.swift in Sources */ = {isa = PBXBuildFile; fileRef = ADE7FC582C3B1EA80025B680 /* ViewController.swift */; };
		ADE7FC5C2C3B1EA80025B680 /* Main.storyboard in Resources */ = {isa = PBXBuildFile; fileRef = ADE7FC5A2C3B1EA80025B680 /* Main.storyboard */; };
		ADE7FC5F2C3B1EA80025B680 /* inbuiltTrainings.xcdatamodeld in Sources */ = {isa = PBXBuildFile; fileRef = ADE7FC5D2C3B1EA80025B680 /* inbuiltTrainings.xcdatamodeld */; };
		ADE7FC612C3B1EAA0025B680 /* Assets.xcassets in Resources */ = {isa = PBXBuildFile; fileRef = ADE7FC602C3B1EAA0025B680 /* Assets.xcassets */; };
		ADE7FC642C3B1EAA0025B680 /* LaunchScreen.storyboard in Resources */ = {isa = PBXBuildFile; fileRef = ADE7FC622C3B1EAA0025B680 /* LaunchScreen.storyboard */; };
		ADE7FC6C2C3B1FB30025B680 /* CustomCell.swift in Sources */ = {isa = PBXBuildFile; fileRef = ADE7FC6B2C3B1FB30025B680 /* CustomCell.swift */; };
		ADE7FC6E2C3B22F60025B680 /* Training.swift in Sources */ = {isa = PBXBuildFile; fileRef = ADE7FC6D2C3B22F60025B680 /* Training.swift */; };
/* End PBXBuildFile section */

/* Begin PBXFileReference section */
		AD29E8C52C3B559000004CD6 /* InfoViewController.swift */ = {isa = PBXFileReference; lastKnownFileType = sourcecode.swift; path = InfoViewController.swift; sourceTree = "<group>"; };
		ADE7FC512C3B1EA80025B680 /* inbuiltTrainings.app */ = {isa = PBXFileReference; explicitFileType = wrapper.application; includeInIndex = 0; path = inbuiltTrainings.app; sourceTree = BUILT_PRODUCTS_DIR; };
		ADE7FC542C3B1EA80025B680 /* AppDelegate.swift */ = {isa = PBXFileReference; lastKnownFileType = sourcecode.swift; path = AppDelegate.swift; sourceTree = "<group>"; };
		ADE7FC562C3B1EA80025B680 /* SceneDelegate.swift */ = {isa = PBXFileReference; lastKnownFileType = sourcecode.swift; path = SceneDelegate.swift; sourceTree = "<group>"; };
		ADE7FC582C3B1EA80025B680 /* ViewController.swift */ = {isa = PBXFileReference; lastKnownFileType = sourcecode.swift; path = ViewController.swift; sourceTree = "<group>"; };
		ADE7FC5B2C3B1EA80025B680 /* Base */ = {isa = PBXFileReference; lastKnownFileType = file.storyboard; name = Base; path = Base.lproj/Main.storyboard; sourceTree = "<group>"; };
		ADE7FC5E2C3B1EA80025B680 /* inbuiltTrainings.xcdatamodel */ = {isa = PBXFileReference; lastKnownFileType = wrapper.xcdatamodel; path = inbuiltTrainings.xcdatamodel; sourceTree = "<group>"; };
		ADE7FC602C3B1EAA0025B680 /* Assets.xcassets */ = {isa = PBXFileReference; lastKnownFileType = folder.assetcatalog; path = Assets.xcassets; sourceTree = "<group>"; };
		ADE7FC632C3B1EAA0025B680 /* Base */ = {isa = PBXFileReference; lastKnownFileType = file.storyboard; name = Base; path = Base.lproj/LaunchScreen.storyboard; sourceTree = "<group>"; };
		ADE7FC652C3B1EAA0025B680 /* Info.plist */ = {isa = PBXFileReference; lastKnownFileType = text.plist.xml; path = Info.plist; sourceTree = "<group>"; };
		ADE7FC6B2C3B1FB30025B680 /* CustomCell.swift */ = {isa = PBXFileReference; lastKnownFileType = sourcecode.swift; path = CustomCell.swift; sourceTree = "<group>"; };
		ADE7FC6D2C3B22F60025B680 /* Training.swift */ = {isa = PBXFileReference; lastKnownFileType = sourcecode.swift; path = Training.swift; sourceTree = "<group>"; };
/* End PBXFileReference section */

/* Begin PBXFrameworksBuildPhase section */
		ADE7FC4E2C3B1EA80025B680 /* Frameworks */ = {
			isa = PBXFrameworksBuildPhase;
			buildActionMask = 2147483647;
			files = (
			);
			runOnlyForDeploymentPostprocessing = 0;
		};
/* End PBXFrameworksBuildPhase section */

/* Begin PBXGroup section */
		ADE7FC482C3B1EA80025B680 = {
			isa = PBXGroup;
			children = (
				ADE7FC532C3B1EA80025B680 /* inbuiltTrainings */,
				ADE7FC522C3B1EA80025B680 /* Products */,
			);
			sourceTree = "<group>";
		};
		ADE7FC522C3B1EA80025B680 /* Products */ = {
			isa = PBXGroup;
			children = (
				ADE7FC512C3B1EA80025B680 /* inbuiltTrainings.app */,
			);
			name = Products;
			sourceTree = "<group>";
		};
		ADE7FC532C3B1EA80025B680 /* inbuiltTrainings */ = {
			isa = PBXGroup;
			children = (
				ADE7FC542C3B1EA80025B680 /* AppDelegate.swift */,
				ADE7FC562C3B1EA80025B680 /* SceneDelegate.swift */,
				ADE7FC582C3B1EA80025B680 /* ViewController.swift */,
				ADE7FC5A2C3B1EA80025B680 /* Main.storyboard */,
				ADE7FC602C3B1EAA0025B680 /* Assets.xcassets */,
				ADE7FC622C3B1EAA0025B680 /* LaunchScreen.storyboard */,
				ADE7FC652C3B1EAA0025B680 /* Info.plist */,
				ADE7FC5D2C3B1EA80025B680 /* inbuiltTrainings.xcdatamodeld */,
				ADE7FC6B2C3B1FB30025B680 /* CustomCell.swift */,
				ADE7FC6D2C3B22F60025B680 /* Training.swift */,
				AD29E8C52C3B559000004CD6 /* InfoViewController.swift */,
			);
			path = inbuiltTrainings;
			sourceTree = "<group>";
		};
/* End PBXGroup section */

/* Begin PBXNativeTarget section */
		ADE7FC502C3B1EA80025B680 /* inbuiltTrainings */ = {
			isa = PBXNativeTarget;
			buildConfigurationList = ADE7FC682C3B1EAA0025B680 /* Build configuration list for PBXNativeTarget "inbuiltTrainings" */;
			buildPhases = (
				ADE7FC4D2C3B1EA80025B680 /* Sources */,
				ADE7FC4E2C3B1EA80025B680 /* Frameworks */,
				ADE7FC4F2C3B1EA80025B680 /* Resources */,
			);
			buildRules = (
			);
			dependencies = (
			);
			name = inbuiltTrainings;
			productName = inbuiltTrainings;
			productReference = ADE7FC512C3B1EA80025B680 /* inbuiltTrainings.app */;
			productType = "com.apple.product-type.application";
		};
/* End PBXNativeTarget section */

/* Begin PBXProject section */
		ADE7FC492C3B1EA80025B680 /* Project object */ = {
			isa = PBXProject;
			attributes = {
				BuildIndependentTargetsInParallel = 1;
				LastSwiftUpdateCheck = 1520;
				LastUpgradeCheck = 1520;
				TargetAttributes = {
					ADE7FC502C3B1EA80025B680 = {
						CreatedOnToolsVersion = 15.2;
					};
				};
			};
			buildConfigurationList = ADE7FC4C2C3B1EA80025B680 /* Build configuration list for PBXProject "inbuiltTrainings" */;
			compatibilityVersion = "Xcode 14.0";
			developmentRegion = en;
			hasScannedForEncodings = 0;
			knownRegions = (
				en,
				Base,
			);
			mainGroup = ADE7FC482C3B1EA80025B680;
			productRefGroup = ADE7FC522C3B1EA80025B680 /* Products */;
			projectDirPath = "";
			projectRoot = "";
			targets = (
				ADE7FC502C3B1EA80025B680 /* inbuiltTrainings */,
			);
		};
/* End PBXProject section */

/* Begin PBXResourcesBuildPhase section */
		ADE7FC4F2C3B1EA80025B680 /* Resources */ = {
			isa = PBXResourcesBuildPhase;
			buildActionMask = 2147483647;
			files = (
				ADE7FC642C3B1EAA0025B680 /* LaunchScreen.storyboard in Resources */,
				ADE7FC612C3B1EAA0025B680 /* Assets.xcassets in Resources */,
				ADE7FC5C2C3B1EA80025B680 /* Main.storyboard in Resources */,
			);
			runOnlyForDeploymentPostprocessing = 0;
		};
/* End PBXResourcesBuildPhase section */

/* Begin PBXSourcesBuildPhase section */
		ADE7FC4D2C3B1EA80025B680 /* Sources */ = {
			isa = PBXSourcesBuildPhase;
			buildActionMask = 2147483647;
			files = (
				ADE7FC592C3B1EA80025B680 /* ViewController.swift in Sources */,
				ADE7FC6E2C3B22F60025B680 /* Training.swift in Sources */,
				ADE7FC552C3B1EA80025B680 /* AppDelegate.swift in Sources */,
				AD29E8C62C3B559000004CD6 /* InfoViewController.swift in Sources */,
				ADE7FC6C2C3B1FB30025B680 /* CustomCell.swift in Sources */,
				ADE7FC572C3B1EA80025B680 /* SceneDelegate.swift in Sources */,
				ADE7FC5F2C3B1EA80025B680 /* inbuiltTrainings.xcdatamodeld in Sources */,
			);
			runOnlyForDeploymentPostprocessing = 0;
		};
/* End PBXSourcesBuildPhase section */

/* Begin PBXVariantGroup section */
		ADE7FC5A2C3B1EA80025B680 /* Main.storyboard */ = {
			isa = PBXVariantGroup;
			children = (
				ADE7FC5B2C3B1EA80025B680 /* Base */,
			);
			name = Main.storyboard;
			sourceTree = "<group>";
		};
		ADE7FC622C3B1EAA0025B680 /* LaunchScreen.storyboard */ = {
			isa = PBXVariantGroup;
			children = (
				ADE7FC632C3B1EAA0025B680 /* Base */,
			);
			name = LaunchScreen.storyboard;
			sourceTree = "<group>";
		};
/* End PBXVariantGroup section */

/* Begin XCBuildConfiguration section */
		ADE7FC662C3B1EAA0025B680 /* Debug */ = {
			isa = XCBuildConfiguration;
			buildSettings = {
				ALWAYS_SEARCH_USER_PATHS = NO;
				ASSETCATALOG_COMPILER_GENERATE_SWIFT_ASSET_SYMBOL_EXTENSIONS = YES;
				CLANG_ANALYZER_NONNULL = YES;
				CLANG_ANALYZER_NUMBER_OBJECT_CONVERSION = YES_AGGRESSIVE;
				CLANG_CXX_LANGUAGE_STANDARD = "gnu++20";
				CLANG_ENABLE_MODULES = YES;
				CLANG_ENABLE_OBJC_ARC = YES;
				CLANG_ENABLE_OBJC_WEAK = YES;
				CLANG_WARN_BLOCK_CAPTURE_AUTORELEASING = YES;
				CLANG_WARN_BOOL_CONVERSION = YES;
				CLANG_WARN_COMMA = YES;
				CLANG_WARN_CONSTANT_CONVERSION = YES;
				CLANG_WARN_DEPRECATED_OBJC_IMPLEMENTATIONS = YES;
				CLANG_WARN_DIRECT_OBJC_ISA_USAGE = YES_ERROR;
				CLANG_WARN_DOCUMENTATION_COMMENTS = YES;
				CLANG_WARN_EMPTY_BODY = YES;
				CLANG_WARN_ENUM_CONVERSION = YES;
				CLANG_WARN_INFINITE_RECURSION = YES;
				CLANG_WARN_INT_CONVERSION = YES;
				CLANG_WARN_NON_LITERAL_NULL_CONVERSION = YES;
				CLANG_WARN_OBJC_IMPLICIT_RETAIN_SELF = YES;
				CLANG_WARN_OBJC_LITERAL_CONVERSION = YES;
				CLANG_WARN_OBJC_ROOT_CLASS = YES_ERROR;
				CLANG_WARN_QUOTED_INCLUDE_IN_FRAMEWORK_HEADER = YES;
				CLANG_WARN_RANGE_LOOP_ANALYSIS = YES;
				CLANG_WARN_STRICT_PROTOTYPES = YES;
				CLANG_WARN_SUSPICIOUS_MOVE = YES;
				CLANG_WARN_UNGUARDED_AVAILABILITY = YES_AGGRESSIVE;
				CLANG_WARN_UNREACHABLE_CODE = YES;
				CLANG_WARN__DUPLICATE_METHOD_MATCH = YES;
				COPY_PHASE_STRIP = NO;
				DEBUG_INFORMATION_FORMAT = dwarf;
				ENABLE_STRICT_OBJC_MSGSEND = YES;
				ENABLE_TESTABILITY = YES;
				ENABLE_USER_SCRIPT_SANDBOXING = YES;
				GCC_C_LANGUAGE_STANDARD = gnu17;
				GCC_DYNAMIC_NO_PIC = NO;
				GCC_NO_COMMON_BLOCKS = YES;
				GCC_OPTIMIZATION_LEVEL = 0;
				GCC_PREPROCESSOR_DEFINITIONS = (
					"DEBUG=1",
					"$(inherited)",
				);
				GCC_WARN_64_TO_32_BIT_CONVERSION = YES;
				GCC_WARN_ABOUT_RETURN_TYPE = YES_ERROR;
				GCC_WARN_UNDECLARED_SELECTOR = YES;
				GCC_WARN_UNINITIALIZED_AUTOS = YES_AGGRESSIVE;
				GCC_WARN_UNUSED_FUNCTION = YES;
				GCC_WARN_UNUSED_VARIABLE = YES;
				IPHONEOS_DEPLOYMENT_TARGET = 17.2;
				LOCALIZATION_PREFERS_STRING_CATALOGS = YES;
				MTL_ENABLE_DEBUG_INFO = INCLUDE_SOURCE;
				MTL_FAST_MATH = YES;
				ONLY_ACTIVE_ARCH = YES;
				SDKROOT = iphoneos;
				SWIFT_ACTIVE_COMPILATION_CONDITIONS = "DEBUG $(inherited)";
				SWIFT_OPTIMIZATION_LEVEL = "-Onone";
			};
			name = Debug;
		};
		ADE7FC672C3B1EAA0025B680 /* Release */ = {
			isa = XCBuildConfiguration;
			buildSettings = {
				ALWAYS_SEARCH_USER_PATHS = NO;
				ASSETCATALOG_COMPILER_GENERATE_SWIFT_ASSET_SYMBOL_EXTENSIONS = YES;
				CLANG_ANALYZER_NONNULL = YES;
				CLANG_ANALYZER_NUMBER_OBJECT_CONVERSION = YES_AGGRESSIVE;
				CLANG_CXX_LANGUAGE_STANDARD = "gnu++20";
				CLANG_ENABLE_MODULES = YES;
				CLANG_ENABLE_OBJC_ARC = YES;
				CLANG_ENABLE_OBJC_WEAK = YES;
				CLANG_WARN_BLOCK_CAPTURE_AUTORELEASING = YES;
				CLANG_WARN_BOOL_CONVERSION = YES;
				CLANG_WARN_COMMA = YES;
				CLANG_WARN_CONSTANT_CONVERSION = YES;
				CLANG_WARN_DEPRECATED_OBJC_IMPLEMENTATIONS = YES;
				CLANG_WARN_DIRECT_OBJC_ISA_USAGE = YES_ERROR;
				CLANG_WARN_DOCUMENTATION_COMMENTS = YES;
				CLANG_WARN_EMPTY_BODY = YES;
				CLANG_WARN_ENUM_CONVERSION = YES;
				CLANG_WARN_INFINITE_RECURSION = YES;
				CLANG_WARN_INT_CONVERSION = YES;
				CLANG_WARN_NON_LITERAL_NULL_CONVERSION = YES;
				CLANG_WARN_OBJC_IMPLICIT_RETAIN_SELF = YES;
				CLANG_WARN_OBJC_LITERAL_CONVERSION = YES;
				CLANG_WARN_OBJC_ROOT_CLASS = YES_ERROR;
				CLANG_WARN_QUOTED_INCLUDE_IN_FRAMEWORK_HEADER = YES;
				CLANG_WARN_RANGE_LOOP_ANALYSIS = YES;
				CLANG_WARN_STRICT_PROTOTYPES = YES;
				CLANG_WARN_SUSPICIOUS_MOVE = YES;
				CLANG_WARN_UNGUARDED_AVAILABILITY = YES_AGGRESSIVE;
				CLANG_WARN_UNREACHABLE_CODE = YES;
				CLANG_WARN__DUPLICATE_METHOD_MATCH = YES;
				COPY_PHASE_STRIP = NO;
				DEBUG_INFORMATION_FORMAT = "dwarf-with-dsym";
				ENABLE_NS_ASSERTIONS = NO;
				ENABLE_STRICT_OBJC_MSGSEND = YES;
				ENABLE_USER_SCRIPT_SANDBOXING = YES;
				GCC_C_LANGUAGE_STANDARD = gnu17;
				GCC_NO_COMMON_BLOCKS = YES;
				GCC_WARN_64_TO_32_BIT_CONVERSION = YES;
				GCC_WARN_ABOUT_RETURN_TYPE = YES_ERROR;
				GCC_WARN_UNDECLARED_SELECTOR = YES;
				GCC_WARN_UNINITIALIZED_AUTOS = YES_AGGRESSIVE;
				GCC_WARN_UNUSED_FUNCTION = YES;
				GCC_WARN_UNUSED_VARIABLE = YES;
				IPHONEOS_DEPLOYMENT_TARGET = 17.2;
				LOCALIZATION_PREFERS_STRING_CATALOGS = YES;
				MTL_ENABLE_DEBUG_INFO = NO;
				MTL_FAST_MATH = YES;
				SDKROOT = iphoneos;
				SWIFT_COMPILATION_MODE = wholemodule;
				VALIDATE_PRODUCT = YES;
			};
			name = Release;
		};
		ADE7FC692C3B1EAA0025B680 /* Debug */ = {
			isa = XCBuildConfiguration;
			buildSettings = {
				ASSETCATALOG_COMPILER_APPICON_NAME = AppIcon;
				ASSETCATALOG_COMPILER_GLOBAL_ACCENT_COLOR_NAME = AccentColor;
				CODE_SIGN_STYLE = Automatic;
				CURRENT_PROJECT_VERSION = 1;
				GENERATE_INFOPLIST_FILE = YES;
				INFOPLIST_FILE = inbuiltTrainings/Info.plist;
				INFOPLIST_KEY_UIApplicationSupportsIndirectInputEvents = YES;
				INFOPLIST_KEY_UILaunchStoryboardName = LaunchScreen;
				INFOPLIST_KEY_UIMainStoryboardFile = Main;
				INFOPLIST_KEY_UISupportedInterfaceOrientations_iPad = "UIInterfaceOrientationPortrait UIInterfaceOrientationPortraitUpsideDown UIInterfaceOrientationLandscapeLeft UIInterfaceOrientationLandscapeRight";
				INFOPLIST_KEY_UISupportedInterfaceOrientations_iPhone = "UIInterfaceOrientationPortrait UIInterfaceOrientationLandscapeLeft UIInterfaceOrientationLandscapeRight";
				LD_RUNPATH_SEARCH_PATHS = (
					"$(inherited)",
					"@executable_path/Frameworks",
				);
				MARKETING_VERSION = 1.0;
				PRODUCT_BUNDLE_IDENTIFIER = hhhmmmwww.inbuiltTrainings;
				PRODUCT_NAME = "$(TARGET_NAME)";
				SWIFT_EMIT_LOC_STRINGS = YES;
				SWIFT_VERSION = 5.0;
				TARGETED_DEVICE_FAMILY = "1,2";
			};
			name = Debug;
		};
		ADE7FC6A2C3B1EAA0025B680 /* Release */ = {
			isa = XCBuildConfiguration;
			buildSettings = {
				ASSETCATALOG_COMPILER_APPICON_NAME = AppIcon;
				ASSETCATALOG_COMPILER_GLOBAL_ACCENT_COLOR_NAME = AccentColor;
				CODE_SIGN_STYLE = Automatic;
				CURRENT_PROJECT_VERSION = 1;
				GENERATE_INFOPLIST_FILE = YES;
				INFOPLIST_FILE = inbuiltTrainings/Info.plist;
				INFOPLIST_KEY_UIApplicationSupportsIndirectInputEvents = YES;
				INFOPLIST_KEY_UILaunchStoryboardName = LaunchScreen;
				INFOPLIST_KEY_UIMainStoryboardFile = Main;
				INFOPLIST_KEY_UISupportedInterfaceOrientations_iPad = "UIInterfaceOrientationPortrait UIInterfaceOrientationPortraitUpsideDown UIInterfaceOrientationLandscapeLeft UIInterfaceOrientationLandscapeRight";
				INFOPLIST_KEY_UISupportedInterfaceOrientations_iPhone = "UIInterfaceOrientationPortrait UIInterfaceOrientationLandscapeLeft UIInterfaceOrientationLandscapeRight";
				LD_RUNPATH_SEARCH_PATHS = (
					"$(inherited)",
					"@executable_path/Frameworks",
				);
				MARKETING_VERSION = 1.0;
				PRODUCT_BUNDLE_IDENTIFIER = hhhmmmwww.inbuiltTrainings;
				PRODUCT_NAME = "$(TARGET_NAME)";
				SWIFT_EMIT_LOC_STRINGS = YES;
				SWIFT_VERSION = 5.0;
				TARGETED_DEVICE_FAMILY = "1,2";
			};
			name = Release;
		};
/* End XCBuildConfiguration section */

/* Begin XCConfigurationList section */
		ADE7FC4C2C3B1EA80025B680 /* Build configuration list for PBXProject "inbuiltTrainings" */ = {
			isa = XCConfigurationList;
			buildConfigurations = (
				ADE7FC662C3B1EAA0025B680 /* Debug */,
				ADE7FC672C3B1EAA0025B680 /* Release */,
			);
			defaultConfigurationIsVisible = 0;
			defaultConfigurationName = Release;
		};
		ADE7FC682C3B1EAA0025B680 /* Build configuration list for PBXNativeTarget "inbuiltTrainings" */ = {
			isa = XCConfigurationList;
			buildConfigurations = (
				ADE7FC692C3B1EAA0025B680 /* Debug */,
				ADE7FC6A2C3B1EAA0025B680 /* Release */,
			);
			defaultConfigurationIsVisible = 0;
			defaultConfigurationName = Release;
		};
/* End XCConfigurationList section */

/* Begin XCVersionGroup section */
		ADE7FC5D2C3B1EA80025B680 /* inbuiltTrainings.xcdatamodeld */ = {
			isa = XCVersionGroup;
			children = (
				ADE7FC5E2C3B1EA80025B680 /* inbuiltTrainings.xcdatamodel */,
			);
			currentVersion = ADE7FC5E2C3B1EA80025B680 /* inbuiltTrainings.xcdatamodel */;
			path = inbuiltTrainings.xcdatamodeld;
			sourceTree = "<group>";
			versionGroupType = wrapper.xcdatamodel;
		};
/* End XCVersionGroup section */
	};
	rootObject = ADE7FC492C3B1EA80025B680 /* Project object */;
}
